
Microsoft Visual Studio Solution File, Format Version 12.00
# Visual Studio 2012
Project("{FAE04EC0-301F-11D3-BF4B-00C04F79EFBC}") = "GrimmBee - PickBeer_Admin", "GrimmBee - RateBeer\GrimmBee - PickBeer_Admin.csproj", "{EB475847-6952-444F-9233-F6CE700934EC}"
EndProject
Project("{FAE04EC0-301F-11D3-BF4B-00C04F79EFBC}") = "PickBeer", "PickBeer\PickBeer.csproj", "{92FF0FF5-F7CC-47D4-93D0-E536408B4542}"
EndProject
Global
	GlobalSection(SolutionConfigurationPlatforms) = preSolution
		Debug|Any CPU = Debug|Any CPU
		Debug|ARM = Debug|ARM
		Debug|x64 = Debug|x64
		Debug|x86 = Debug|x86
		Release|Any CPU = Release|Any CPU
		Release|ARM = Release|ARM
		Release|x64 = Release|x64
		Release|x86 = Release|x86
	EndGlobalSection
	GlobalSection(ProjectConfigurationPlatforms) = postSolution
		{EB475847-6952-444F-9233-F6CE700934EC}.Debug|Any CPU.ActiveCfg = Debug|Any CPU
		{EB475847-6952-444F-9233-F6CE700934EC}.Debug|Any CPU.Build.0 = Debug|Any CPU
		{EB475847-6952-444F-9233-F6CE700934EC}.Debug|ARM.ActiveCfg = Debug|Any CPU
		{EB475847-6952-444F-9233-F6CE700934EC}.Debug|x64.ActiveCfg = Debug|Any CPU
		{EB475847-6952-444F-9233-F6CE700934EC}.Debug|x86.ActiveCfg = Debug|Any CPU
		{EB475847-6952-444F-9233-F6CE700934EC}.Release|Any CPU.ActiveCfg = Release|Any CPU
		{EB475847-6952-444F-9233-F6CE700934EC}.Release|Any CPU.Build.0 = Release|Any CPU
		{EB475847-6952-444F-9233-F6CE700934EC}.Release|ARM.ActiveCfg = Release|Any CPU
		{EB475847-6952-444F-9233-F6CE700934EC}.Release|x64.ActiveCfg = Release|Any CPU
		{EB475847-6952-444F-9233-F6CE700934EC}.Release|x86.ActiveCfg = Release|Any CPU
		{92FF0FF5-F7CC-47D4-93D0-E536408B4542}.Debug|Any CPU.ActiveCfg = Debug|Any CPU
		{92FF0FF5-F7CC-47D4-93D0-E536408B4542}.Debug|Any CPU.Build.0 = Debug|Any CPU
		{92FF0FF5-F7CC-47D4-93D0-E536408B4542}.Debug|Any CPU.Deploy.0 = Debug|Any CPU
		{92FF0FF5-F7CC-47D4-93D0-E536408B4542}.Debug|ARM.ActiveCfg = Debug|ARM
		{92FF0FF5-F7CC-47D4-93D0-E536408B4542}.Debug|ARM.Build.0 = Debug|ARM
		{92FF0FF5-F7CC-47D4-93D0-E536408B4542}.Debug|ARM.Deploy.0 = Debug|ARM
		{92FF0FF5-F7CC-47D4-93D0-E536408B4542}.Debug|x64.ActiveCfg = Debug|x64
		{92FF0FF5-F7CC-47D4-93D0-E536408B4542}.Debug|x64.Build.0 = Debug|x64
		{92FF0FF5-F7CC-47D4-93D0-E536408B4542}.Debug|x64.Deploy.0 = Debug|x64
		{92FF0FF5-F7CC-47D4-93D0-E536408B4542}.Debug|x86.ActiveCfg = Debug|x86
		{92FF0FF5-F7CC-47D4-93D0-E536408B4542}.Debug|x86.Build.0 = Debug|x86
		{92FF0FF5-F7CC-47D4-93D0-E536408B4542}.Debug|x86.Deploy.0 = Debug|x86
		{92FF0FF5-F7CC-47D4-93D0-E536408B4542}.Release|Any CPU.ActiveCfg = Release|Any CPU
		{92FF0FF5-F7CC-47D4-93D0-E536408B4542}.Release|Any CPU.Build.0 = Release|Any CPU
		{92FF0FF5-F7CC-47D4-93D0-E536408B4542}.Release|Any CPU.Deploy.0 = Release|Any CPU
		{92FF0FF5-F7CC-47D4-93D0-E536408B4542}.Release|ARM.ActiveCfg = Release|ARM
		{92FF0FF5-F7CC-47D4-93D0-E536408B4542}.Release|ARM.Build.0 = Release|ARM
		{92FF0FF5-F7CC-47D4-93D0-E536408B4542}.Release|ARM.Deploy.0 = Release|ARM
		{92FF0FF5-F7CC-47D4-93D0-E536408B4542}.Release|x64.ActiveCfg = Release|x64
		{92FF0FF5-F7CC-47D4-93D0-E536408B4542}.Release|x64.Build.0 = Release|x64
		{92FF0FF5-F7CC-47D4-93D0-E536408B4542}.Release|x64.Deploy.0 = Release|x64
		{92FF0FF5-F7CC-47D4-93D0-E536408B4542}.Release|x86.ActiveCfg = Release|x86
		{92FF0FF5-F7CC-47D4-93D0-E536408B4542}.Release|x86.Build.0 = Release|x86
		{92FF0FF5-F7CC-47D4-93D0-E536408B4542}.Release|x86.Deploy.0 = Release|x86
	EndGlobalSection
	GlobalSection(SolutionProperties) = preSolution
		HideSolutionNode = FALSE
	EndGlobalSection
EndGlobal
